<?xml version="1.0" encoding="UTF-8" standalone="yes" ?>
<CodeBlocks_project_file>
	<FileVersion major="1" minor="6" />
	<Project>
		<Option title="Dungeon_Adventure" />
		<Option pch_mode="2" />
		<Option compiler="gcc" />
		<Build>
			<Target title="Debug">
				<Option output="bin/Debug/Dungeon_Adventure" prefix_auto="1" extension_auto="1" />
				<Option object_output="obj/Debug/" />
				<Option type="1" />
				<Option compiler="gcc" />
				<Compiler>
					<Add option="-g" />
				</Compiler>
			</Target>
			<Target title="Release">
				<Option output="bin/Release/Dungeon_Adventure" prefix_auto="1" extension_auto="1" />
				<Option object_output="obj/Release/" />
				<Option type="1" />
				<Option compiler="gcc" />
				<Compiler>
					<Add option="-O2" />
				</Compiler>
				<Linker>
					<Add option="-s" />
				</Linker>
			</Target>
		</Build>
		<Compiler>
			<Add option="-Wall" />
		</Compiler>
		<Unit filename="../../CMakeLists.txt" />
		<Unit filename="../../LICENSE" />
		<Unit filename="../../README.md" />
		<Unit filename="../../dungeon_adventure_icon.png" />
		<Unit filename="../../include/inventory.h" />
		<Unit filename="../../include/libcolor.h" />
		<Unit filename="../../include/location.h" />
		<Unit filename="../../include/misc.h" />
		<Unit filename="../../include/object.h" />
		<Unit filename="../../src/inventory.c">
			<Option compilerVar="CC" />
		</Unit>
		<Unit filename="../../src/location.c">
			<Option compilerVar="CC" />
		</Unit>
		<Unit filename="../../src/main.c">
			<Option compilerVar="CC" />
		</Unit>
		<Unit filename="../../src/misc.c">
			<Option compilerVar="CC" />
		</Unit>
		<Unit filename="../../src/object.c">
			<Option compilerVar="CC" />
		</Unit>
		<Extensions>
			<code_completion />
			<debugger />
		</Extensions>
	</Project>
</CodeBlocks_project_file>
